
Microsoft Visual Studio Solution File, Format Version 12.00
# Visual Studio 15
VisualStudioVersion = 15.0.26430.6
MinimumVisualStudioVersion = 10.0.40219.1
Project("{FAE04EC0-301F-11D3-BF4B-00C04F79EFBC}") = "Example01", "Example01\Example01.csproj", "{07C46567-5274-4C97-9712-D1D2254591CD}"
EndProject
Project("{FAE04EC0-301F-11D3-BF4B-00C04F79EFBC}") = "Example02", "Example02\Example02.csproj", "{35A83D64-C7EA-4006-8C62-1FF4DFA3CEFA}"
EndProject
Project("{FAE04EC0-301F-11D3-BF4B-00C04F79EFBC}") = "Example03", "Example03\Example03.csproj", "{96F4A8DB-822C-47DA-A366-9D290CE58A16}"
EndProject
Global
	GlobalSection(SolutionConfigurationPlatforms) = preSolution
		Debug|Any CPU = Debug|Any CPU
		Release|Any CPU = Release|Any CPU
	EndGlobalSection
	GlobalSection(ProjectConfigurationPlatforms) = postSolution
		{07C46567-5274-4C97-9712-D1D2254591CD}.Debug|Any CPU.ActiveCfg = Debug|Any CPU
		{07C46567-5274-4C97-9712-D1D2254591CD}.Debug|Any CPU.Build.0 = Debug|Any CPU
		{07C46567-5274-4C97-9712-D1D2254591CD}.Release|Any CPU.ActiveCfg = Release|Any CPU
		{07C46567-5274-4C97-9712-D1D2254591CD}.Release|Any CPU.Build.0 = Release|Any CPU
		{35A83D64-C7EA-4006-8C62-1FF4DFA3CEFA}.Debug|Any CPU.ActiveCfg = Debug|Any CPU
		{35A83D64-C7EA-4006-8C62-1FF4DFA3CEFA}.Debug|Any CPU.Build.0 = Debug|Any CPU
		{35A83D64-C7EA-4006-8C62-1FF4DFA3CEFA}.Release|Any CPU.ActiveCfg = Release|Any CPU
		{35A83D64-C7EA-4006-8C62-1FF4DFA3CEFA}.Release|Any CPU.Build.0 = Release|Any CPU
		{96F4A8DB-822C-47DA-A366-9D290CE58A16}.Debug|Any CPU.ActiveCfg = Debug|Any CPU
		{96F4A8DB-822C-47DA-A366-9D290CE58A16}.Debug|Any CPU.Build.0 = Debug|Any CPU
		{96F4A8DB-822C-47DA-A366-9D290CE58A16}.Release|Any CPU.ActiveCfg = Release|Any CPU
		{96F4A8DB-822C-47DA-A366-9D290CE58A16}.Release|Any CPU.Build.0 = Release|Any CPU
	EndGlobalSection
	GlobalSection(SolutionProperties) = preSolution
		HideSolutionNode = FALSE
	EndGlobalSection
EndGlobal
